
Microsoft Visual Studio Solution File, Format Version 12.00
# Visual Studio Version 16
VisualStudioVersion = 16.0.30114.105
MinimumVisualStudioVersion = 10.0.40219.1
Project("{FAE04EC0-301F-11D3-BF4B-00C04F79EFBC}") = "CloudLogger", "CloudLogger\CloudLogger.csproj", "{3BDE1B44-27EF-47FA-8D08-77FB07FA1C6A}"
EndProject
Project("{FAE04EC0-301F-11D3-BF4B-00C04F79EFBC}") = "TestCloudLogger", "TestCloudLogger\TestCloudLogger.csproj", "{48195828-311D-4E4E-9591-461A663A0E61}"
EndProject
Global
	GlobalSection(SolutionConfigurationPlatforms) = preSolution
		Debug|Any CPU = Debug|Any CPU
		Release|Any CPU = Release|Any CPU
	EndGlobalSection
	GlobalSection(ProjectConfigurationPlatforms) = postSolution
		{3BDE1B44-27EF-47FA-8D08-77FB07FA1C6A}.Debug|Any CPU.ActiveCfg = Debug|Any CPU
		{3BDE1B44-27EF-47FA-8D08-77FB07FA1C6A}.Debug|Any CPU.Build.0 = Debug|Any CPU
		{3BDE1B44-27EF-47FA-8D08-77FB07FA1C6A}.Release|Any CPU.ActiveCfg = Release|Any CPU
		{3BDE1B44-27EF-47FA-8D08-77FB07FA1C6A}.Release|Any CPU.Build.0 = Release|Any CPU
		{48195828-311D-4E4E-9591-461A663A0E61}.Debug|Any CPU.ActiveCfg = Debug|Any CPU
		{48195828-311D-4E4E-9591-461A663A0E61}.Debug|Any CPU.Build.0 = Debug|Any CPU
		{48195828-311D-4E4E-9591-461A663A0E61}.Release|Any CPU.ActiveCfg = Release|Any CPU
		{48195828-311D-4E4E-9591-461A663A0E61}.Release|Any CPU.Build.0 = Release|Any CPU
	EndGlobalSection
	GlobalSection(SolutionProperties) = preSolution
		HideSolutionNode = FALSE
	EndGlobalSection
	GlobalSection(ExtensibilityGlobals) = postSolution
		SolutionGuid = {47520F45-7628-4113-985C-5AEC60EE5787}
	EndGlobalSection
EndGlobal
